// !$*UTF8*$!
{
	archiveVersion = 1;
	classes = {
	};
	objectVersion = 51;
	objects = {

/* Begin PBXBuildFile section */
		0D5B3B3D2787FEB1003A38B1 /* Bindable.swift in Sources */ = {isa = PBXBuildFile; fileRef = 0D5B3B3C2787FEB1003A38B1 /* Bindable.swift */; };
		0D64A96C27A139D3001589C9 /* SettingsController.swift in Sources */ = {isa = PBXBuildFile; fileRef = 0D64A96B27A139D3001589C9 /* SettingsController.swift */; };
		0D8EE7B6278585B0004D9C42 /* GoogleService-Info.plist in Resources */ = {isa = PBXBuildFile; fileRef = 0D8EE7B5278585B0004D9C42 /* GoogleService-Info.plist */; };
		5514CCE327751EE900CBEA0A /* RegistrationController.swift in Sources */ = {isa = PBXBuildFile; fileRef = 5514CCE227751EE900CBEA0A /* RegistrationController.swift */; };
		5514CCE527752A3900CBEA0A /* CustomTextField.swift in Sources */ = {isa = PBXBuildFile; fileRef = 5514CCE427752A3900CBEA0A /* CustomTextField.swift */; };
		5532E19927601DAE00F0D181 /* User.swift in Sources */ = {isa = PBXBuildFile; fileRef = 5532E19827601DAE00F0D181 /* User.swift */; };
		555654B92761D2B9001A314B /* CardViewModel.swift in Sources */ = {isa = PBXBuildFile; fileRef = 555654B82761D2B9001A314B /* CardViewModel.swift */; };
		55889F532762C1CF00FCAD0E /* Advertiser.swift in Sources */ = {isa = PBXBuildFile; fileRef = 55889F522762C1CF00FCAD0E /* Advertiser.swift */; };
		559DEF5F27574EB300C0B41F /* HomeBottomControlStackView.swift in Sources */ = {isa = PBXBuildFile; fileRef = 559DEF5E27574EB300C0B41F /* HomeBottomControlStackView.swift */; };
		559DEF612757537600C0B41F /* TopNavigationStackView.swift in Sources */ = {isa = PBXBuildFile; fileRef = 559DEF602757537600C0B41F /* TopNavigationStackView.swift */; };
		55BC22112758BAE20008429F /* CardView.swift in Sources */ = {isa = PBXBuildFile; fileRef = 55BC22102758BAE20008429F /* CardView.swift */; };
		55FD97322755FF4C0085C5EA /* AppDelegate.swift in Sources */ = {isa = PBXBuildFile; fileRef = 55FD97312755FF4C0085C5EA /* AppDelegate.swift */; };
		55FD97342755FF4C0085C5EA /* SceneDelegate.swift in Sources */ = {isa = PBXBuildFile; fileRef = 55FD97332755FF4C0085C5EA /* SceneDelegate.swift */; };
		55FD97362755FF4C0085C5EA /* HomeController.swift in Sources */ = {isa = PBXBuildFile; fileRef = 55FD97352755FF4C0085C5EA /* HomeController.swift */; };
		55FD973B2755FF4D0085C5EA /* Assets.xcassets in Resources */ = {isa = PBXBuildFile; fileRef = 55FD973A2755FF4D0085C5EA /* Assets.xcassets */; };
		55FD973E2755FF4D0085C5EA /* LaunchScreen.storyboard in Resources */ = {isa = PBXBuildFile; fileRef = 55FD973C2755FF4D0085C5EA /* LaunchScreen.storyboard */; };
		55FD9746275610890085C5EA /* Extensions.swift in Sources */ = {isa = PBXBuildFile; fileRef = 55FD9745275610890085C5EA /* Extensions.swift */; };
		82EE25739A180C54E8D856F6 /* Pods_Dating_app.framework in Frameworks */ = {isa = PBXBuildFile; fileRef = 3DE900786BD17170E1661D43 /* Pods_Dating_app.framework */; };
		AB2EDB43277E61D50001782A /* RegistrationViewModel.swift in Sources */ = {isa = PBXBuildFile; fileRef = AB2EDB42277E61D50001782A /* RegistrationViewModel.swift */; };
/* End PBXBuildFile section */

/* Begin PBXFileReference section */
		0D5B3B3C2787FEB1003A38B1 /* Bindable.swift */ = {isa = PBXFileReference; lastKnownFileType = sourcecode.swift; path = Bindable.swift; sourceTree = "<group>"; };
		0D64A96B27A139D3001589C9 /* SettingsController.swift */ = {isa = PBXFileReference; lastKnownFileType = sourcecode.swift; path = SettingsController.swift; sourceTree = "<group>"; };
		0D8EE7B5278585B0004D9C42 /* GoogleService-Info.plist */ = {isa = PBXFileReference; fileEncoding = 4; lastKnownFileType = text.plist.xml; path = "GoogleService-Info.plist"; sourceTree = "<group>"; };
		3DE900786BD17170E1661D43 /* Pods_Dating_app.framework */ = {isa = PBXFileReference; explicitFileType = wrapper.framework; includeInIndex = 0; path = Pods_Dating_app.framework; sourceTree = BUILT_PRODUCTS_DIR; };
		5514CCE227751EE900CBEA0A /* RegistrationController.swift */ = {isa = PBXFileReference; lastKnownFileType = sourcecode.swift; path = RegistrationController.swift; sourceTree = "<group>"; };
		5514CCE427752A3900CBEA0A /* CustomTextField.swift */ = {isa = PBXFileReference; lastKnownFileType = sourcecode.swift; path = CustomTextField.swift; sourceTree = "<group>"; };
		5532E19827601DAE00F0D181 /* User.swift */ = {isa = PBXFileReference; lastKnownFileType = sourcecode.swift; path = User.swift; sourceTree = "<group>"; };
		555654B82761D2B9001A314B /* CardViewModel.swift */ = {isa = PBXFileReference; lastKnownFileType = sourcecode.swift; path = CardViewModel.swift; sourceTree = "<group>"; };
		55889F522762C1CF00FCAD0E /* Advertiser.swift */ = {isa = PBXFileReference; lastKnownFileType = sourcecode.swift; path = Advertiser.swift; sourceTree = "<group>"; };
		559DEF5E27574EB300C0B41F /* HomeBottomControlStackView.swift */ = {isa = PBXFileReference; lastKnownFileType = sourcecode.swift; path = HomeBottomControlStackView.swift; sourceTree = "<group>"; };
		559DEF602757537600C0B41F /* TopNavigationStackView.swift */ = {isa = PBXFileReference; lastKnownFileType = sourcecode.swift; path = TopNavigationStackView.swift; sourceTree = "<group>"; };
		55BC22102758BAE20008429F /* CardView.swift */ = {isa = PBXFileReference; lastKnownFileType = sourcecode.swift; path = CardView.swift; sourceTree = "<group>"; };
		55C7D6712779717900107CB6 /* Dating app.entitlements */ = {isa = PBXFileReference; lastKnownFileType = text.plist.entitlements; path = "Dating app.entitlements"; sourceTree = "<group>"; };
		55FD972E2755FF4C0085C5EA /* Dating app.app */ = {isa = PBXFileReference; explicitFileType = wrapper.application; includeInIndex = 0; path = "Dating app.app"; sourceTree = BUILT_PRODUCTS_DIR; };
		55FD97312755FF4C0085C5EA /* AppDelegate.swift */ = {isa = PBXFileReference; lastKnownFileType = sourcecode.swift; path = AppDelegate.swift; sourceTree = "<group>"; };
		55FD97332755FF4C0085C5EA /* SceneDelegate.swift */ = {isa = PBXFileReference; lastKnownFileType = sourcecode.swift; path = SceneDelegate.swift; sourceTree = "<group>"; };
		55FD97352755FF4C0085C5EA /* HomeController.swift */ = {isa = PBXFileReference; lastKnownFileType = sourcecode.swift; path = HomeController.swift; sourceTree = "<group>"; };
		55FD973A2755FF4D0085C5EA /* Assets.xcassets */ = {isa = PBXFileReference; lastKnownFileType = folder.assetcatalog; path = Assets.xcassets; sourceTree = "<group>"; };
		55FD973D2755FF4D0085C5EA /* Base */ = {isa = PBXFileReference; lastKnownFileType = file.storyboard; name = Base; path = Base.lproj/LaunchScreen.storyboard; sourceTree = "<group>"; };
		55FD973F2755FF4D0085C5EA /* Info.plist */ = {isa = PBXFileReference; lastKnownFileType = text.plist.xml; path = Info.plist; sourceTree = "<group>"; };
		55FD9745275610890085C5EA /* Extensions.swift */ = {isa = PBXFileReference; lastKnownFileType = sourcecode.swift; path = Extensions.swift; sourceTree = "<group>"; };
		8E778E6817BE0EE9FA229186 /* Pods-Dating app.debug.xcconfig */ = {isa = PBXFileReference; includeInIndex = 1; lastKnownFileType = text.xcconfig; name = "Pods-Dating app.debug.xcconfig"; path = "Target Support Files/Pods-Dating app/Pods-Dating app.debug.xcconfig"; sourceTree = "<group>"; };
		AB2EDB42277E61D50001782A /* RegistrationViewModel.swift */ = {isa = PBXFileReference; lastKnownFileType = sourcecode.swift; path = RegistrationViewModel.swift; sourceTree = "<group>"; };
		D6EE8B79ED924D3DBD5C4905 /* Pods-Dating app.release.xcconfig */ = {isa = PBXFileReference; includeInIndex = 1; lastKnownFileType = text.xcconfig; name = "Pods-Dating app.release.xcconfig"; path = "Target Support Files/Pods-Dating app/Pods-Dating app.release.xcconfig"; sourceTree = "<group>"; };
/* End PBXFileReference section */

/* Begin PBXFrameworksBuildPhase section */
		55FD972B2755FF4C0085C5EA /* Frameworks */ = {
			isa = PBXFrameworksBuildPhase;
			buildActionMask = 2147483647;
			files = (
				82EE25739A180C54E8D856F6 /* Pods_Dating_app.framework in Frameworks */,
			);
			runOnlyForDeploymentPostprocessing = 0;
		};
/* End PBXFrameworksBuildPhase section */

/* Begin PBXGroup section */
		41C055F6D600D4FC31C7FB1D /* Frameworks */ = {
			isa = PBXGroup;
			children = (
				3DE900786BD17170E1661D43 /* Pods_Dating_app.framework */,
			);
			name = Frameworks;
			sourceTree = "<group>";
		};
		5532E19727601D4E00F0D181 /* Model */ = {
			isa = PBXGroup;
			children = (
				5532E19827601DAE00F0D181 /* User.swift */,
				55889F522762C1CF00FCAD0E /* Advertiser.swift */,
			);
			path = Model;
			sourceTree = "<group>";
		};
		555654B62761D226001A314B /* Controller */ = {
			isa = PBXGroup;
			children = (
				55FD97352755FF4C0085C5EA /* HomeController.swift */,
				5514CCE227751EE900CBEA0A /* RegistrationController.swift */,
				AB2EDB42277E61D50001782A /* RegistrationViewModel.swift */,
				0D5B3B3C2787FEB1003A38B1 /* Bindable.swift */,
				0D64A96B27A139D3001589C9 /* SettingsController.swift */,
			);
			path = Controller;
			sourceTree = "<group>";
		};
		555654B72761D26C001A314B /* ViewModels */ = {
			isa = PBXGroup;
			children = (
				555654B82761D2B9001A314B /* CardViewModel.swift */,
			);
			path = ViewModels;
			sourceTree = "<group>";
		};
		559DEF5D27574E6F00C0B41F /* Views */ = {
			isa = PBXGroup;
			children = (
				559DEF5E27574EB300C0B41F /* HomeBottomControlStackView.swift */,
				559DEF602757537600C0B41F /* TopNavigationStackView.swift */,
				55BC22102758BAE20008429F /* CardView.swift */,
				5514CCE427752A3900CBEA0A /* CustomTextField.swift */,
			);
			path = Views;
			sourceTree = "<group>";
		};
		55FD97252755FF4C0085C5EA = {
			isa = PBXGroup;
			children = (
				55FD97302755FF4C0085C5EA /* Dating app */,
				55FD972F2755FF4C0085C5EA /* Products */,
				C82901217F2E16739D63CD48 /* Pods */,
				41C055F6D600D4FC31C7FB1D /* Frameworks */,
			);
			sourceTree = "<group>";
		};
		55FD972F2755FF4C0085C5EA /* Products */ = {
			isa = PBXGroup;
			children = (
				55FD972E2755FF4C0085C5EA /* Dating app.app */,
			);
			name = Products;
			sourceTree = "<group>";
		};
		55FD97302755FF4C0085C5EA /* Dating app */ = {
			isa = PBXGroup;
			children = (
				55C7D6712779717900107CB6 /* Dating app.entitlements */,
				555654B72761D26C001A314B /* ViewModels */,
				555654B62761D226001A314B /* Controller */,
				5532E19727601D4E00F0D181 /* Model */,
				559DEF5D27574E6F00C0B41F /* Views */,
				55FD97312755FF4C0085C5EA /* AppDelegate.swift */,
				55FD9745275610890085C5EA /* Extensions.swift */,
				55FD97332755FF4C0085C5EA /* SceneDelegate.swift */,
				55FD973A2755FF4D0085C5EA /* Assets.xcassets */,
				55FD973C2755FF4D0085C5EA /* LaunchScreen.storyboard */,
				55FD973F2755FF4D0085C5EA /* Info.plist */,
				0D8EE7B5278585B0004D9C42 /* GoogleService-Info.plist */,
			);
			path = "Dating app";
			sourceTree = "<group>";
		};
		C82901217F2E16739D63CD48 /* Pods */ = {
			isa = PBXGroup;
			children = (
				8E778E6817BE0EE9FA229186 /* Pods-Dating app.debug.xcconfig */,
				D6EE8B79ED924D3DBD5C4905 /* Pods-Dating app.release.xcconfig */,
			);
			path = Pods;
			sourceTree = "<group>";
		};
/* End PBXGroup section */

/* Begin PBXNativeTarget section */
		55FD972D2755FF4C0085C5EA /* Dating app */ = {
			isa = PBXNativeTarget;
			buildConfigurationList = 55FD97422755FF4D0085C5EA /* Build configuration list for PBXNativeTarget "Dating app" */;
			buildPhases = (
				533B3129365185D7407417D1 /* [CP] Check Pods Manifest.lock */,
				55FD972A2755FF4C0085C5EA /* Sources */,
				55FD972B2755FF4C0085C5EA /* Frameworks */,
				55FD972C2755FF4C0085C5EA /* Resources */,
				1203861FF97D658F5CF69DD5 /* [CP] Embed Pods Frameworks */,
			);
			buildRules = (
			);
			dependencies = (
			);
			name = "Dating app";
			productName = "Dating app";
			productReference = 55FD972E2755FF4C0085C5EA /* Dating app.app */;
			productType = "com.apple.product-type.application";
		};
/* End PBXNativeTarget section */

/* Begin PBXProject section */
		55FD97262755FF4C0085C5EA /* Project object */ = {
			isa = PBXProject;
			attributes = {
				LastSwiftUpdateCheck = 1250;
				LastUpgradeCheck = 1250;
				TargetAttributes = {
					55FD972D2755FF4C0085C5EA = {
						CreatedOnToolsVersion = 12.5.1;
					};
				};
			};
			buildConfigurationList = 55FD97292755FF4C0085C5EA /* Build configuration list for PBXProject "Dating app" */;
			compatibilityVersion = "Xcode 9.3";
			developmentRegion = en;
			hasScannedForEncodings = 0;
			knownRegions = (
				en,
				Base,
			);
			mainGroup = 55FD97252755FF4C0085C5EA;
			productRefGroup = 55FD972F2755FF4C0085C5EA /* Products */;
			projectDirPath = "";
			projectRoot = "";
			targets = (
				55FD972D2755FF4C0085C5EA /* Dating app */,
			);
		};
/* End PBXProject section */

/* Begin PBXResourcesBuildPhase section */
		55FD972C2755FF4C0085C5EA /* Resources */ = {
			isa = PBXResourcesBuildPhase;
			buildActionMask = 2147483647;
			files = (
				55FD973E2755FF4D0085C5EA /* LaunchScreen.storyboard in Resources */,
				55FD973B2755FF4D0085C5EA /* Assets.xcassets in Resources */,
				0D8EE7B6278585B0004D9C42 /* GoogleService-Info.plist in Resources */,
			);
			runOnlyForDeploymentPostprocessing = 0;
		};
/* End PBXResourcesBuildPhase section */

/* Begin PBXShellScriptBuildPhase section */
		1203861FF97D658F5CF69DD5 /* [CP] Embed Pods Frameworks */ = {
			isa = PBXShellScriptBuildPhase;
			buildActionMask = 2147483647;
			files = (
			);
			inputFileListPaths = (
				"${PODS_ROOT}/Target Support Files/Pods-Dating app/Pods-Dating app-frameworks-${CONFIGURATION}-input-files.xcfilelist",
			);
			name = "[CP] Embed Pods Frameworks";
			outputFileListPaths = (
				"${PODS_ROOT}/Target Support Files/Pods-Dating app/Pods-Dating app-frameworks-${CONFIGURATION}-output-files.xcfilelist",
			);
			runOnlyForDeploymentPostprocessing = 0;
			shellPath = /bin/sh;
			shellScript = "\"${PODS_ROOT}/Target Support Files/Pods-Dating app/Pods-Dating app-frameworks.sh\"\n";
			showEnvVarsInLog = 0;
		};
		533B3129365185D7407417D1 /* [CP] Check Pods Manifest.lock */ = {
			isa = PBXShellScriptBuildPhase;
			buildActionMask = 2147483647;
			files = (
			);
			inputFileListPaths = (
			);
			inputPaths = (
				"${PODS_PODFILE_DIR_PATH}/Podfile.lock",
				"${PODS_ROOT}/Manifest.lock",
			);
			name = "[CP] Check Pods Manifest.lock";
			outputFileListPaths = (
			);
			outputPaths = (
				"$(DERIVED_FILE_DIR)/Pods-Dating app-checkManifestLockResult.txt",
			);
			runOnlyForDeploymentPostprocessing = 0;
			shellPath = /bin/sh;
			shellScript = "diff \"${PODS_PODFILE_DIR_PATH}/Podfile.lock\" \"${PODS_ROOT}/Manifest.lock\" > /dev/null\nif [ $? != 0 ] ; then\n    # print error to STDERR\n    echo \"error: The sandbox is not in sync with the Podfile.lock. Run 'pod install' or update your CocoaPods installation.\" >&2\n    exit 1\nfi\n# This output is used by Xcode 'outputs' to avoid re-running this script phase.\necho \"SUCCESS\" > \"${SCRIPT_OUTPUT_FILE_0}\"\n";
			showEnvVarsInLog = 0;
		};
/* End PBXShellScriptBuildPhase section */

/* Begin PBXSourcesBuildPhase section */
		55FD972A2755FF4C0085C5EA /* Sources */ = {
			isa = PBXSourcesBuildPhase;
			buildActionMask = 2147483647;
			files = (
				55889F532762C1CF00FCAD0E /* Advertiser.swift in Sources */,
				55BC22112758BAE20008429F /* CardView.swift in Sources */,
				55FD97362755FF4C0085C5EA /* HomeController.swift in Sources */,
				55FD97322755FF4C0085C5EA /* AppDelegate.swift in Sources */,
				559DEF5F27574EB300C0B41F /* HomeBottomControlStackView.swift in Sources */,
				5532E19927601DAE00F0D181 /* User.swift in Sources */,
				0D64A96C27A139D3001589C9 /* SettingsController.swift in Sources */,
				5514CCE327751EE900CBEA0A /* RegistrationController.swift in Sources */,
				559DEF612757537600C0B41F /* TopNavigationStackView.swift in Sources */,
				0D5B3B3D2787FEB1003A38B1 /* Bindable.swift in Sources */,
				5514CCE527752A3900CBEA0A /* CustomTextField.swift in Sources */,
				AB2EDB43277E61D50001782A /* RegistrationViewModel.swift in Sources */,
				55FD97342755FF4C0085C5EA /* SceneDelegate.swift in Sources */,
				55FD9746275610890085C5EA /* Extensions.swift in Sources */,
				555654B92761D2B9001A314B /* CardViewModel.swift in Sources */,
			);
			runOnlyForDeploymentPostprocessing = 0;
		};
/* End PBXSourcesBuildPhase section */

/* Begin PBXVariantGroup section */
		55FD973C2755FF4D0085C5EA /* LaunchScreen.storyboard */ = {
			isa = PBXVariantGroup;
			children = (
				55FD973D2755FF4D0085C5EA /* Base */,
			);
			name = LaunchScreen.storyboard;
			sourceTree = "<group>";
		};
/* End PBXVariantGroup section */

/* Begin XCBuildConfiguration section */
		55FD97402755FF4D0085C5EA /* Debug */ = {
			isa = XCBuildConfiguration;
			buildSettings = {
				ALWAYS_SEARCH_USER_PATHS = NO;
				CLANG_ANALYZER_NONNULL = YES;
				CLANG_ANALYZER_NUMBER_OBJECT_CONVERSION = YES_AGGRESSIVE;
				CLANG_CXX_LANGUAGE_STANDARD = "gnu++14";
				CLANG_CXX_LIBRARY = "libc++";
				CLANG_ENABLE_MODULES = YES;
				CLANG_ENABLE_OBJC_ARC = YES;
				CLANG_ENABLE_OBJC_WEAK = YES;
				CLANG_WARN_BLOCK_CAPTURE_AUTORELEASING = YES;
				CLANG_WARN_BOOL_CONVERSION = YES;
				CLANG_WARN_COMMA = YES;
				CLANG_WARN_CONSTANT_CONVERSION = YES;
				CLANG_WARN_DEPRECATED_OBJC_IMPLEMENTATIONS = YES;
				CLANG_WARN_DIRECT_OBJC_ISA_USAGE = YES_ERROR;
				CLANG_WARN_DOCUMENTATION_COMMENTS = YES;
				CLANG_WARN_EMPTY_BODY = YES;
				CLANG_WARN_ENUM_CONVERSION = YES;
				CLANG_WARN_INFINITE_RECURSION = YES;
				CLANG_WARN_INT_CONVERSION = YES;
				CLANG_WARN_NON_LITERAL_NULL_CONVERSION = YES;
				CLANG_WARN_OBJC_IMPLICIT_RETAIN_SELF = YES;
				CLANG_WARN_OBJC_LITERAL_CONVERSION = YES;
				CLANG_WARN_OBJC_ROOT_CLASS = YES_ERROR;
				CLANG_WARN_QUOTED_INCLUDE_IN_FRAMEWORK_HEADER = YES;
				CLANG_WARN_RANGE_LOOP_ANALYSIS = YES;
				CLANG_WARN_STRICT_PROTOTYPES = YES;
				CLANG_WARN_SUSPICIOUS_MOVE = YES;
				CLANG_WARN_UNGUARDED_AVAILABILITY = YES_AGGRESSIVE;
				CLANG_WARN_UNREACHABLE_CODE = YES;
				CLANG_WARN__DUPLICATE_METHOD_MATCH = YES;
				COPY_PHASE_STRIP = NO;
				DEBUG_INFORMATION_FORMAT = dwarf;
				ENABLE_STRICT_OBJC_MSGSEND = YES;
				ENABLE_TESTABILITY = YES;
				GCC_C_LANGUAGE_STANDARD = gnu11;
				GCC_DYNAMIC_NO_PIC = NO;
				GCC_NO_COMMON_BLOCKS = YES;
				GCC_OPTIMIZATION_LEVEL = 0;
				GCC_PREPROCESSOR_DEFINITIONS = (
					"DEBUG=1",
					"$(inherited)",
				);
				GCC_WARN_64_TO_32_BIT_CONVERSION = YES;
				GCC_WARN_ABOUT_RETURN_TYPE = YES_ERROR;
				GCC_WARN_UNDECLARED_SELECTOR = YES;
				GCC_WARN_UNINITIALIZED_AUTOS = YES_AGGRESSIVE;
				GCC_WARN_UNUSED_FUNCTION = YES;
				GCC_WARN_UNUSED_VARIABLE = YES;
				IPHONEOS_DEPLOYMENT_TARGET = 14.5;
				MTL_ENABLE_DEBUG_INFO = INCLUDE_SOURCE;
				MTL_FAST_MATH = YES;
				ONLY_ACTIVE_ARCH = YES;
				SDKROOT = iphoneos;
				SWIFT_ACTIVE_COMPILATION_CONDITIONS = DEBUG;
				SWIFT_OPTIMIZATION_LEVEL = "-Onone";
			};
			name = Debug;
		};
		55FD97412755FF4D0085C5EA /* Release */ = {
			isa = XCBuildConfiguration;
			buildSettings = {
				ALWAYS_SEARCH_USER_PATHS = NO;
				CLANG_ANALYZER_NONNULL = YES;
				CLANG_ANALYZER_NUMBER_OBJECT_CONVERSION = YES_AGGRESSIVE;
				CLANG_CXX_LANGUAGE_STANDARD = "gnu++14";
				CLANG_CXX_LIBRARY = "libc++";
				CLANG_ENABLE_MODULES = YES;
				CLANG_ENABLE_OBJC_ARC = YES;
				CLANG_ENABLE_OBJC_WEAK = YES;
				CLANG_WARN_BLOCK_CAPTURE_AUTORELEASING = YES;
				CLANG_WARN_BOOL_CONVERSION = YES;
				CLANG_WARN_COMMA = YES;
				CLANG_WARN_CONSTANT_CONVERSION = YES;
				CLANG_WARN_DEPRECATED_OBJC_IMPLEMENTATIONS = YES;
				CLANG_WARN_DIRECT_OBJC_ISA_USAGE = YES_ERROR;
				CLANG_WARN_DOCUMENTATION_COMMENTS = YES;
				CLANG_WARN_EMPTY_BODY = YES;
				CLANG_WARN_ENUM_CONVERSION = YES;
				CLANG_WARN_INFINITE_RECURSION = YES;
				CLANG_WARN_INT_CONVERSION = YES;
				CLANG_WARN_NON_LITERAL_NULL_CONVERSION = YES;
				CLANG_WARN_OBJC_IMPLICIT_RETAIN_SELF = YES;
				CLANG_WARN_OBJC_LITERAL_CONVERSION = YES;
				CLANG_WARN_OBJC_ROOT_CLASS = YES_ERROR;
				CLANG_WARN_QUOTED_INCLUDE_IN_FRAMEWORK_HEADER = YES;
				CLANG_WARN_RANGE_LOOP_ANALYSIS = YES;
				CLANG_WARN_STRICT_PROTOTYPES = YES;
				CLANG_WARN_SUSPICIOUS_MOVE = YES;
				CLANG_WARN_UNGUARDED_AVAILABILITY = YES_AGGRESSIVE;
				CLANG_WARN_UNREACHABLE_CODE = YES;
				CLANG_WARN__DUPLICATE_METHOD_MATCH = YES;
				COPY_PHASE_STRIP = NO;
				DEBUG_INFORMATION_FORMAT = "dwarf-with-dsym";
				ENABLE_NS_ASSERTIONS = NO;
				ENABLE_STRICT_OBJC_MSGSEND = YES;
				GCC_C_LANGUAGE_STANDARD = gnu11;
				GCC_NO_COMMON_BLOCKS = YES;
				GCC_WARN_64_TO_32_BIT_CONVERSION = YES;
				GCC_WARN_ABOUT_RETURN_TYPE = YES_ERROR;
				GCC_WARN_UNDECLARED_SELECTOR = YES;
				GCC_WARN_UNINITIALIZED_AUTOS = YES_AGGRESSIVE;
				GCC_WARN_UNUSED_FUNCTION = YES;
				GCC_WARN_UNUSED_VARIABLE = YES;
				IPHONEOS_DEPLOYMENT_TARGET = 14.5;
				MTL_ENABLE_DEBUG_INFO = NO;
				MTL_FAST_MATH = YES;
				SDKROOT = iphoneos;
				SWIFT_COMPILATION_MODE = wholemodule;
				SWIFT_OPTIMIZATION_LEVEL = "-O";
				VALIDATE_PRODUCT = YES;
			};
			name = Release;
		};
		55FD97432755FF4D0085C5EA /* Debug */ = {
			isa = XCBuildConfiguration;
			baseConfigurationReference = 8E778E6817BE0EE9FA229186 /* Pods-Dating app.debug.xcconfig */;
			buildSettings = {
				ASSETCATALOG_COMPILER_APPICON_NAME = AppIcon;
				ASSETCATALOG_COMPILER_GLOBAL_ACCENT_COLOR_NAME = AccentColor;
				CODE_SIGN_ENTITLEMENTS = "Dating app/Dating app.entitlements";
				CODE_SIGN_STYLE = Automatic;
				DEVELOPMENT_TEAM = 4WXSFZLPV5;
				INFOPLIST_FILE = "Dating app/Info.plist";
				IPHONEOS_DEPLOYMENT_TARGET = 15.0;
				LD_RUNPATH_SEARCH_PATHS = (
					"$(inherited)",
					"@executable_path/Frameworks",
				);
				PRODUCT_BUNDLE_IDENTIFIER = "com.johnhernandez.Dating-app";
				PRODUCT_NAME = "$(TARGET_NAME)";
				SWIFT_VERSION = 5.0;
				TARGETED_DEVICE_FAMILY = 1;
			};
			name = Debug;
		};
		55FD97442755FF4D0085C5EA /* Release */ = {
			isa = XCBuildConfiguration;
			baseConfigurationReference = D6EE8B79ED924D3DBD5C4905 /* Pods-Dating app.release.xcconfig */;
			buildSettings = {
				ASSETCATALOG_COMPILER_APPICON_NAME = AppIcon;
				ASSETCATALOG_COMPILER_GLOBAL_ACCENT_COLOR_NAME = AccentColor;
				CODE_SIGN_ENTITLEMENTS = "Dating app/Dating app.entitlements";
				CODE_SIGN_STYLE = Automatic;
				DEVELOPMENT_TEAM = 4WXSFZLPV5;
				INFOPLIST_FILE = "Dating app/Info.plist";
				IPHONEOS_DEPLOYMENT_TARGET = 15.0;
				LD_RUNPATH_SEARCH_PATHS = (
					"$(inherited)",
					"@executable_path/Frameworks",
				);
				PRODUCT_BUNDLE_IDENTIFIER = "com.johnhernandez.Dating-app";
				PRODUCT_NAME = "$(TARGET_NAME)";
				SWIFT_VERSION = 5.0;
				TARGETED_DEVICE_FAMILY = 1;
			};
			name = Release;
		};
/* End XCBuildConfiguration section */

/* Begin XCConfigurationList section */
		55FD97292755FF4C0085C5EA /* Build configuration list for PBXProject "Dating app" */ = {
			isa = XCConfigurationList;
			buildConfigurations = (
				55FD97402755FF4D0085C5EA /* Debug */,
				55FD97412755FF4D0085C5EA /* Release */,
			);
			defaultConfigurationIsVisible = 0;
			defaultConfigurationName = Release;
		};
		55FD97422755FF4D0085C5EA /* Build configuration list for PBXNativeTarget "Dating app" */ = {
			isa = XCConfigurationList;
			buildConfigurations = (
				55FD97432755FF4D0085C5EA /* Debug */,
				55FD97442755FF4D0085C5EA /* Release */,
			);
			defaultConfigurationIsVisible = 0;
			defaultConfigurationName = Release;
		};
/* End XCConfigurationList section */
	};
	rootObject = 55FD97262755FF4C0085C5EA /* Project object */;
}
